
Microsoft Visual Studio Solution File, Format Version 12.00
# Visual Studio Version 17
VisualStudioVersion = 17.7.34221.43
MinimumVisualStudioVersion = 10.0.40219.1
Project("{2150E333-8FDC-42A3-9474-1A3956D46DE8}") = "ConsoleApps", "ConsoleApps", "{CB4C74A0-4AAA-45F3-9A5A-00628C1F9BD5}"
EndProject
Project("{2150E333-8FDC-42A3-9474-1A3956D46DE8}") = "Week5", "Week5", "{B8507FE3-6847-4BC3-836F-FF813110D61F}"
EndProject
Project("{2150E333-8FDC-42A3-9474-1A3956D46DE8}") = "Week06", "Week06", "{FC402166-5C01-4F1C-9E50-4E759E9BD9A7}"
EndProject
Project("{9A19103F-16F7-4668-BE54-9A1E7A4F7556}") = "ConsoleApp.InputOutput", "ConsoleApps\Week06\ConsoleApp.InputOutput\ConsoleApp.InputOutput.csproj", "{CCA1024A-F53F-4DAD-A60F-72D1D9AE5C5B}"
EndProject
Project("{2150E333-8FDC-42A3-9474-1A3956D46DE8}") = "Week08", "Week08", "{B41A2B9B-415B-48C1-81ED-6A30F78D8EAD}"
EndProject
Project("{FAE04EC0-301F-11D3-BF4B-00C04F79EFBC}") = "DataTypesTypeCasting", "ConsoleApps\Week08\DataTypesTypeCasting\DataTypesTypeCasting.csproj", "{599F4AE5-4805-45FE-8992-74C8E1C9D36E}"
EndProject
Global
	GlobalSection(SolutionConfigurationPlatforms) = preSolution
		Debug|Any CPU = Debug|Any CPU
		Release|Any CPU = Release|Any CPU
	EndGlobalSection
	GlobalSection(ProjectConfigurationPlatforms) = postSolution
		{CCA1024A-F53F-4DAD-A60F-72D1D9AE5C5B}.Debug|Any CPU.ActiveCfg = Debug|Any CPU
		{CCA1024A-F53F-4DAD-A60F-72D1D9AE5C5B}.Debug|Any CPU.Build.0 = Debug|Any CPU
		{CCA1024A-F53F-4DAD-A60F-72D1D9AE5C5B}.Release|Any CPU.ActiveCfg = Release|Any CPU
		{CCA1024A-F53F-4DAD-A60F-72D1D9AE5C5B}.Release|Any CPU.Build.0 = Release|Any CPU
		{599F4AE5-4805-45FE-8992-74C8E1C9D36E}.Debug|Any CPU.ActiveCfg = Debug|Any CPU
		{599F4AE5-4805-45FE-8992-74C8E1C9D36E}.Debug|Any CPU.Build.0 = Debug|Any CPU
		{599F4AE5-4805-45FE-8992-74C8E1C9D36E}.Release|Any CPU.ActiveCfg = Release|Any CPU
		{599F4AE5-4805-45FE-8992-74C8E1C9D36E}.Release|Any CPU.Build.0 = Release|Any CPU
	EndGlobalSection
	GlobalSection(SolutionProperties) = preSolution
		HideSolutionNode = FALSE
	EndGlobalSection
	GlobalSection(NestedProjects) = preSolution
		{B8507FE3-6847-4BC3-836F-FF813110D61F} = {CB4C74A0-4AAA-45F3-9A5A-00628C1F9BD5}
		{FC402166-5C01-4F1C-9E50-4E759E9BD9A7} = {CB4C74A0-4AAA-45F3-9A5A-00628C1F9BD5}
		{CCA1024A-F53F-4DAD-A60F-72D1D9AE5C5B} = {FC402166-5C01-4F1C-9E50-4E759E9BD9A7}
		{B41A2B9B-415B-48C1-81ED-6A30F78D8EAD} = {CB4C74A0-4AAA-45F3-9A5A-00628C1F9BD5}
		{599F4AE5-4805-45FE-8992-74C8E1C9D36E} = {B41A2B9B-415B-48C1-81ED-6A30F78D8EAD}
	EndGlobalSection
	GlobalSection(ExtensibilityGlobals) = postSolution
		SolutionGuid = {A53E5756-1646-4ADB-BE1A-86A9C684E690}
	EndGlobalSection
EndGlobal
